
Microsoft Visual Studio Solution File, Format Version 12.00
# Visual Studio 14
VisualStudioVersion = 14.0.25420.1
MinimumVisualStudioVersion = 10.0.40219.1
Project("{FAE04EC0-301F-11D3-BF4B-00C04F79EFBC}") = "lesson_5", "lesson_5\lesson_5.csproj", "{2C726104-9AA7-4D2E-9D79-F432C6897AAC}"
EndProject
Global
	GlobalSection(SolutionConfigurationPlatforms) = preSolution
		Debug|Any CPU = Debug|Any CPU
		Release|Any CPU = Release|Any CPU
	EndGlobalSection
	GlobalSection(ProjectConfigurationPlatforms) = postSolution
		{2C726104-9AA7-4D2E-9D79-F432C6897AAC}.Debug|Any CPU.ActiveCfg = Debug|Any CPU
		{2C726104-9AA7-4D2E-9D79-F432C6897AAC}.Debug|Any CPU.Build.0 = Debug|Any CPU
		{2C726104-9AA7-4D2E-9D79-F432C6897AAC}.Release|Any CPU.ActiveCfg = Release|Any CPU
		{2C726104-9AA7-4D2E-9D79-F432C6897AAC}.Release|Any CPU.Build.0 = Release|Any CPU
	EndGlobalSection
	GlobalSection(SolutionProperties) = preSolution
		HideSolutionNode = FALSE
	EndGlobalSection
EndGlobal
